Microsoft Visual Studio Solution File, Format Version 12.00
# Visual Studio Version 17
VisualStudioVersion = 17.5.2.0
MinimumVisualStudioVersion = 10.0.40219.1
Project("{FAE04EC0-301F-11D3-BF4B-00C04F79EFBC}") = "FlightSearchEngine", "FlightSearchEngine.csproj", "{A244851F-7CD8-B6D5-62C9-4920A8701B31}"
EndProject
Global
	GlobalSection(SolutionConfigurationPlatforms) = preSolution
		Debug|Any CPU = Debug|Any CPU
		Release|Any CPU = Release|Any CPU
	EndGlobalSection
	GlobalSection(ProjectConfigurationPlatforms) = postSolution
		{A244851F-7CD8-B6D5-62C9-4920A8701B31}.Debug|Any CPU.ActiveCfg = Debug|Any CPU
		{A244851F-7CD8-B6D5-62C9-4920A8701B31}.Debug|Any CPU.Build.0 = Debug|Any CPU
		{A244851F-7CD8-B6D5-62C9-4920A8701B31}.Release|Any CPU.ActiveCfg = Release|Any CPU
		{A244851F-7CD8-B6D5-62C9-4920A8701B31}.Release|Any CPU.Build.0 = Release|Any CPU
	EndGlobalSection
	GlobalSection(SolutionProperties) = preSolution
		HideSolutionNode = FALSE
	EndGlobalSection
	GlobalSection(ExtensibilityGlobals) = postSolution
		SolutionGuid = {A7E18C2C-9964-4532-B2F3-C1044E796698}
	EndGlobalSection
EndGlobal
